// !$*UTF8*$!
{
	archiveVersion = 1;
	classes = {
	};
	objectVersion = 56;
	objects = {

/* Begin PBXBuildFile section */
		57192C712B88F1B900294392 /* Coding_Challenge_1App.swift in Sources */ = {isa = PBXBuildFile; fileRef = 57192C702B88F1B900294392 /* Coding_Challenge_1App.swift */; };
		57192C732B88F1B900294392 /* ProductsOverviewView.swift in Sources */ = {isa = PBXBuildFile; fileRef = 57192C722B88F1B900294392 /* ProductsOverviewView.swift */; };
		57192C752B88F1BB00294392 /* Assets.xcassets in Resources */ = {isa = PBXBuildFile; fileRef = 57192C742B88F1BB00294392 /* Assets.xcassets */; };
		57192C782B88F1BB00294392 /* Preview Assets.xcassets in Resources */ = {isa = PBXBuildFile; fileRef = 57192C772B88F1BB00294392 /* Preview Assets.xcassets */; };
		57192C802B88F2B300294392 /* products.json in Resources */ = {isa = PBXBuildFile; fileRef = 57192C7F2B88F2B300294392 /* products.json */; };
		57192C832B88F32C00294392 /* Product.swift in Sources */ = {isa = PBXBuildFile; fileRef = 57192C822B88F32C00294392 /* Product.swift */; };
		57192C852B88F36E00294392 /* Price.swift in Sources */ = {isa = PBXBuildFile; fileRef = 57192C842B88F36E00294392 /* Price.swift */; };
		57192C872B88F38900294392 /* Variant.swift in Sources */ = {isa = PBXBuildFile; fileRef = 57192C862B88F38900294392 /* Variant.swift */; };
		57192C8A2B88F59700294392 /* JSONDecoder.swift in Sources */ = {isa = PBXBuildFile; fileRef = 57192C892B88F59700294392 /* JSONDecoder.swift */; };
		57192C8D2B88F66700294392 /* ProductsOverviewViewModel.swift in Sources */ = {isa = PBXBuildFile; fileRef = 57192C8C2B88F66700294392 /* ProductsOverviewViewModel.swift */; };
		57192C902B88F77900294392 /* ProductsService.swift in Sources */ = {isa = PBXBuildFile; fileRef = 57192C8F2B88F77900294392 /* ProductsService.swift */; };
		57192C922B88F9BF00294392 /* ProductsServiceProtocol.swift in Sources */ = {isa = PBXBuildFile; fileRef = 57192C912B88F9BF00294392 /* ProductsServiceProtocol.swift */; };
		57192C952B89133800294392 /* AvailabilityBadgeView.swift in Sources */ = {isa = PBXBuildFile; fileRef = 57192C942B89133800294392 /* AvailabilityBadgeView.swift */; };
		57192C972B89179700294392 /* ProductImageView.swift in Sources */ = {isa = PBXBuildFile; fileRef = 57192C962B89179700294392 /* ProductImageView.swift */; };
		57192C992B89184800294392 /* ProductsOverviewCardView.swift in Sources */ = {isa = PBXBuildFile; fileRef = 57192C982B89184800294392 /* ProductsOverviewCardView.swift */; };
		57AA9BD52B8C865B00294392 /* ProductDetailVariantsView.swift in Sources */ = {isa = PBXBuildFile; fileRef = 57AA9BD42B8C865B00294392 /* ProductDetailVariantsView.swift */; };
		57AA9BD72B8C876700294392 /* ProductDetailDescriptionView.swift in Sources */ = {isa = PBXBuildFile; fileRef = 57AA9BD62B8C876700294392 /* ProductDetailDescriptionView.swift */; };
		57D517D62B8A0BA500294392 /* ProductDetailView.swift in Sources */ = {isa = PBXBuildFile; fileRef = 57D517D52B8A0BA500294392 /* ProductDetailView.swift */; };
		57D517D82B8A1AC200294392 /* ProductDetailViewModel.swift in Sources */ = {isa = PBXBuildFile; fileRef = 57D517D72B8A1AC200294392 /* ProductDetailViewModel.swift */; };
		57D517DA2B8A1D5100294392 /* VariantSelectionButton.swift in Sources */ = {isa = PBXBuildFile; fileRef = 57D517D92B8A1D5100294392 /* VariantSelectionButton.swift */; };
		57D517DC2B8A223800294392 /* ProductDetailImageView.swift in Sources */ = {isa = PBXBuildFile; fileRef = 57D517DB2B8A223800294392 /* ProductDetailImageView.swift */; };
/* End PBXBuildFile section */

/* Begin PBXFileReference section */
		57192C6D2B88F1B900294392 /* Coding Challenge 1.app */ = {isa = PBXFileReference; explicitFileType = wrapper.application; includeInIndex = 0; path = "Coding Challenge 1.app"; sourceTree = BUILT_PRODUCTS_DIR; };
		57192C702B88F1B900294392 /* Coding_Challenge_1App.swift */ = {isa = PBXFileReference; lastKnownFileType = sourcecode.swift; path = Coding_Challenge_1App.swift; sourceTree = "<group>"; };
		57192C722B88F1B900294392 /* ProductsOverviewView.swift */ = {isa = PBXFileReference; lastKnownFileType = sourcecode.swift; path = ProductsOverviewView.swift; sourceTree = "<group>"; };
		57192C742B88F1BB00294392 /* Assets.xcassets */ = {isa = PBXFileReference; lastKnownFileType = folder.assetcatalog; path = Assets.xcassets; sourceTree = "<group>"; };
		57192C772B88F1BB00294392 /* Preview Assets.xcassets */ = {isa = PBXFileReference; lastKnownFileType = folder.assetcatalog; path = "Preview Assets.xcassets"; sourceTree = "<group>"; };
		57192C7F2B88F2B300294392 /* products.json */ = {isa = PBXFileReference; fileEncoding = 4; lastKnownFileType = text.json; path = products.json; sourceTree = "<group>"; };
		57192C822B88F32C00294392 /* Product.swift */ = {isa = PBXFileReference; lastKnownFileType = sourcecode.swift; path = Product.swift; sourceTree = "<group>"; };
		57192C842B88F36E00294392 /* Price.swift */ = {isa = PBXFileReference; lastKnownFileType = sourcecode.swift; path = Price.swift; sourceTree = "<group>"; };
		57192C862B88F38900294392 /* Variant.swift */ = {isa = PBXFileReference; lastKnownFileType = sourcecode.swift; path = Variant.swift; sourceTree = "<group>"; };
		57192C892B88F59700294392 /* JSONDecoder.swift */ = {isa = PBXFileReference; lastKnownFileType = sourcecode.swift; path = JSONDecoder.swift; sourceTree = "<group>"; };
		57192C8C2B88F66700294392 /* ProductsOverviewViewModel.swift */ = {isa = PBXFileReference; lastKnownFileType = sourcecode.swift; path = ProductsOverviewViewModel.swift; sourceTree = "<group>"; };
		57192C8F2B88F77900294392 /* ProductsService.swift */ = {isa = PBXFileReference; lastKnownFileType = sourcecode.swift; path = ProductsService.swift; sourceTree = "<group>"; };
		57192C912B88F9BF00294392 /* ProductsServiceProtocol.swift */ = {isa = PBXFileReference; lastKnownFileType = sourcecode.swift; path = ProductsServiceProtocol.swift; sourceTree = "<group>"; };
		57192C942B89133800294392 /* AvailabilityBadgeView.swift */ = {isa = PBXFileReference; lastKnownFileType = sourcecode.swift; path = AvailabilityBadgeView.swift; sourceTree = "<group>"; };
		57192C962B89179700294392 /* ProductImageView.swift */ = {isa = PBXFileReference; lastKnownFileType = sourcecode.swift; path = ProductImageView.swift; sourceTree = "<group>"; };
		57192C982B89184800294392 /* ProductsOverviewCardView.swift */ = {isa = PBXFileReference; lastKnownFileType = sourcecode.swift; path = ProductsOverviewCardView.swift; sourceTree = "<group>"; };
		57AA9BD42B8C865B00294392 /* ProductDetailVariantsView.swift */ = {isa = PBXFileReference; lastKnownFileType = sourcecode.swift; path = ProductDetailVariantsView.swift; sourceTree = "<group>"; };
		57AA9BD62B8C876700294392 /* ProductDetailDescriptionView.swift */ = {isa = PBXFileReference; lastKnownFileType = sourcecode.swift; path = ProductDetailDescriptionView.swift; sourceTree = "<group>"; };
		57D517D52B8A0BA500294392 /* ProductDetailView.swift */ = {isa = PBXFileReference; lastKnownFileType = sourcecode.swift; path = ProductDetailView.swift; sourceTree = "<group>"; };
		57D517D72B8A1AC200294392 /* ProductDetailViewModel.swift */ = {isa = PBXFileReference; lastKnownFileType = sourcecode.swift; path = ProductDetailViewModel.swift; sourceTree = "<group>"; };
		57D517D92B8A1D5100294392 /* VariantSelectionButton.swift */ = {isa = PBXFileReference; lastKnownFileType = sourcecode.swift; path = VariantSelectionButton.swift; sourceTree = "<group>"; };
		57D517DB2B8A223800294392 /* ProductDetailImageView.swift */ = {isa = PBXFileReference; lastKnownFileType = sourcecode.swift; path = ProductDetailImageView.swift; sourceTree = "<group>"; };
/* End PBXFileReference section */

/* Begin PBXFrameworksBuildPhase section */
		57192C6A2B88F1B900294392 /* Frameworks */ = {
			isa = PBXFrameworksBuildPhase;
			buildActionMask = 2147483647;
			files = (
			);
			runOnlyForDeploymentPostprocessing = 0;
		};
/* End PBXFrameworksBuildPhase section */

/* Begin PBXGroup section */
		57192C642B88F1B900294392 = {
			isa = PBXGroup;
			children = (
				57192C6F2B88F1B900294392 /* Coding Challenge 1 */,
				57192C6E2B88F1B900294392 /* Products */,
			);
			sourceTree = "<group>";
		};
		57192C6E2B88F1B900294392 /* Products */ = {
			isa = PBXGroup;
			children = (
				57192C6D2B88F1B900294392 /* Coding Challenge 1.app */,
			);
			name = Products;
			sourceTree = "<group>";
		};
		57192C6F2B88F1B900294392 /* Coding Challenge 1 */ = {
			isa = PBXGroup;
			children = (
				57192C702B88F1B900294392 /* Coding_Challenge_1App.swift */,
				57192C932B89131400294392 /* Views */,
				57192C8B2B88F64F00294392 /* ViewModels */,
				57192C812B88F31E00294392 /* Models */,
				57192C882B88F58400294392 /* Extensions */,
				57192C8E2B88F75000294392 /* Services */,
				57192C7F2B88F2B300294392 /* products.json */,
				57192C742B88F1BB00294392 /* Assets.xcassets */,
				57192C762B88F1BB00294392 /* Preview Content */,
			);
			path = "Coding Challenge 1";
			sourceTree = "<group>";
		};
		57192C762B88F1BB00294392 /* Preview Content */ = {
			isa = PBXGroup;
			children = (
				57192C772B88F1BB00294392 /* Preview Assets.xcassets */,
			);
			path = "Preview Content";
			sourceTree = "<group>";
		};
		57192C812B88F31E00294392 /* Models */ = {
			isa = PBXGroup;
			children = (
				57192C822B88F32C00294392 /* Product.swift */,
				57192C842B88F36E00294392 /* Price.swift */,
				57192C862B88F38900294392 /* Variant.swift */,
			);
			path = Models;
			sourceTree = "<group>";
		};
		57192C882B88F58400294392 /* Extensions */ = {
			isa = PBXGroup;
			children = (
				57192C892B88F59700294392 /* JSONDecoder.swift */,
			);
			path = Extensions;
			sourceTree = "<group>";
		};
		57192C8B2B88F64F00294392 /* ViewModels */ = {
			isa = PBXGroup;
			children = (
				57192C8C2B88F66700294392 /* ProductsOverviewViewModel.swift */,
				57D517D72B8A1AC200294392 /* ProductDetailViewModel.swift */,
			);
			path = ViewModels;
			sourceTree = "<group>";
		};
		57192C8E2B88F75000294392 /* Services */ = {
			isa = PBXGroup;
			children = (
				57192C8F2B88F77900294392 /* ProductsService.swift */,
				57192C912B88F9BF00294392 /* ProductsServiceProtocol.swift */,
			);
			path = Services;
			sourceTree = "<group>";
		};
		57192C932B89131400294392 /* Views */ = {
			isa = PBXGroup;
			children = (
				57192C722B88F1B900294392 /* ProductsOverviewView.swift */,
				57192C982B89184800294392 /* ProductsOverviewCardView.swift */,
				57192C962B89179700294392 /* ProductImageView.swift */,
				57192C942B89133800294392 /* AvailabilityBadgeView.swift */,
				57D517D52B8A0BA500294392 /* ProductDetailView.swift */,
				57D517DB2B8A223800294392 /* ProductDetailImageView.swift */,
				57AA9BD42B8C865B00294392 /* ProductDetailVariantsView.swift */,
				57D517D92B8A1D5100294392 /* VariantSelectionButton.swift */,
				57AA9BD62B8C876700294392 /* ProductDetailDescriptionView.swift */,
			);
			path = Views;
			sourceTree = "<group>";
		};
/* End PBXGroup section */

/* Begin PBXNativeTarget section */
		57192C6C2B88F1B900294392 /* Coding Challenge 1 */ = {
			isa = PBXNativeTarget;
			buildConfigurationList = 57192C7B2B88F1BB00294392 /* Build configuration list for PBXNativeTarget "Coding Challenge 1" */;
			buildPhases = (
				57192C692B88F1B900294392 /* Sources */,
				57192C6A2B88F1B900294392 /* Frameworks */,
				57192C6B2B88F1B900294392 /* Resources */,
			);
			buildRules = (
			);
			dependencies = (
			);
			name = "Coding Challenge 1";
			productName = "Coding Challenge 1";
			productReference = 57192C6D2B88F1B900294392 /* Coding Challenge 1.app */;
			productType = "com.apple.product-type.application";
		};
/* End PBXNativeTarget section */

/* Begin PBXProject section */
		57192C652B88F1B900294392 /* Project object */ = {
			isa = PBXProject;
			attributes = {
				BuildIndependentTargetsInParallel = 1;
				LastSwiftUpdateCheck = 1520;
				LastUpgradeCheck = 1520;
				TargetAttributes = {
					57192C6C2B88F1B900294392 = {
						CreatedOnToolsVersion = 15.2;
					};
				};
			};
			buildConfigurationList = 57192C682B88F1B900294392 /* Build configuration list for PBXProject "Coding Challenge 1" */;
			compatibilityVersion = "Xcode 14.0";
			developmentRegion = en;
			hasScannedForEncodings = 0;
			knownRegions = (
				en,
				Base,
			);
			mainGroup = 57192C642B88F1B900294392;
			productRefGroup = 57192C6E2B88F1B900294392 /* Products */;
			projectDirPath = "";
			projectRoot = "";
			targets = (
				57192C6C2B88F1B900294392 /* Coding Challenge 1 */,
			);
		};
/* End PBXProject section */

/* Begin PBXResourcesBuildPhase section */
		57192C6B2B88F1B900294392 /* Resources */ = {
			isa = PBXResourcesBuildPhase;
			buildActionMask = 2147483647;
			files = (
				57192C802B88F2B300294392 /* products.json in Resources */,
				57192C782B88F1BB00294392 /* Preview Assets.xcassets in Resources */,
				57192C752B88F1BB00294392 /* Assets.xcassets in Resources */,
			);
			runOnlyForDeploymentPostprocessing = 0;
		};
/* End PBXResourcesBuildPhase section */

/* Begin PBXSourcesBuildPhase section */
		57192C692B88F1B900294392 /* Sources */ = {
			isa = PBXSourcesBuildPhase;
			buildActionMask = 2147483647;
			files = (
				57192C8A2B88F59700294392 /* JSONDecoder.swift in Sources */,
				57192C922B88F9BF00294392 /* ProductsServiceProtocol.swift in Sources */,
				57192C732B88F1B900294392 /* ProductsOverviewView.swift in Sources */,
				57D517D82B8A1AC200294392 /* ProductDetailViewModel.swift in Sources */,
				57192C8D2B88F66700294392 /* ProductsOverviewViewModel.swift in Sources */,
				57192C972B89179700294392 /* ProductImageView.swift in Sources */,
				57192C852B88F36E00294392 /* Price.swift in Sources */,
				57AA9BD52B8C865B00294392 /* ProductDetailVariantsView.swift in Sources */,
				57AA9BD72B8C876700294392 /* ProductDetailDescriptionView.swift in Sources */,
				57192C952B89133800294392 /* AvailabilityBadgeView.swift in Sources */,
				57192C712B88F1B900294392 /* Coding_Challenge_1App.swift in Sources */,
				57D517DC2B8A223800294392 /* ProductDetailImageView.swift in Sources */,
				57D517DA2B8A1D5100294392 /* VariantSelectionButton.swift in Sources */,
				57192C902B88F77900294392 /* ProductsService.swift in Sources */,
				57192C992B89184800294392 /* ProductsOverviewCardView.swift in Sources */,
				57D517D62B8A0BA500294392 /* ProductDetailView.swift in Sources */,
				57192C872B88F38900294392 /* Variant.swift in Sources */,
				57192C832B88F32C00294392 /* Product.swift in Sources */,
			);
			runOnlyForDeploymentPostprocessing = 0;
		};
/* End PBXSourcesBuildPhase section */

/* Begin XCBuildConfiguration section */
		57192C792B88F1BB00294392 /* Debug */ = {
			isa = XCBuildConfiguration;
			buildSettings = {
				ALWAYS_SEARCH_USER_PATHS = NO;
				ASSETCATALOG_COMPILER_GENERATE_SWIFT_ASSET_SYMBOL_EXTENSIONS = YES;
				CLANG_ANALYZER_NONNULL = YES;
				CLANG_ANALYZER_NUMBER_OBJECT_CONVERSION = YES_AGGRESSIVE;
				CLANG_CXX_LANGUAGE_STANDARD = "gnu++20";
				CLANG_ENABLE_MODULES = YES;
				CLANG_ENABLE_OBJC_ARC = YES;
				CLANG_ENABLE_OBJC_WEAK = YES;
				CLANG_WARN_BLOCK_CAPTURE_AUTORELEASING = YES;
				CLANG_WARN_BOOL_CONVERSION = YES;
				CLANG_WARN_COMMA = YES;
				CLANG_WARN_CONSTANT_CONVERSION = YES;
				CLANG_WARN_DEPRECATED_OBJC_IMPLEMENTATIONS = YES;
				CLANG_WARN_DIRECT_OBJC_ISA_USAGE = YES_ERROR;
				CLANG_WARN_DOCUMENTATION_COMMENTS = YES;
				CLANG_WARN_EMPTY_BODY = YES;
				CLANG_WARN_ENUM_CONVERSION = YES;
				CLANG_WARN_INFINITE_RECURSION = YES;
				CLANG_WARN_INT_CONVERSION = YES;
				CLANG_WARN_NON_LITERAL_NULL_CONVERSION = YES;
				CLANG_WARN_OBJC_IMPLICIT_RETAIN_SELF = YES;
				CLANG_WARN_OBJC_LITERAL_CONVERSION = YES;
				CLANG_WARN_OBJC_ROOT_CLASS = YES_ERROR;
				CLANG_WARN_QUOTED_INCLUDE_IN_FRAMEWORK_HEADER = YES;
				CLANG_WARN_RANGE_LOOP_ANALYSIS = YES;
				CLANG_WARN_STRICT_PROTOTYPES = YES;
				CLANG_WARN_SUSPICIOUS_MOVE = YES;
				CLANG_WARN_UNGUARDED_AVAILABILITY = YES_AGGRESSIVE;
				CLANG_WARN_UNREACHABLE_CODE = YES;
				CLANG_WARN__DUPLICATE_METHOD_MATCH = YES;
				COPY_PHASE_STRIP = NO;
				DEBUG_INFORMATION_FORMAT = dwarf;
				ENABLE_STRICT_OBJC_MSGSEND = YES;
				ENABLE_TESTABILITY = YES;
				ENABLE_USER_SCRIPT_SANDBOXING = YES;
				GCC_C_LANGUAGE_STANDARD = gnu17;
				GCC_DYNAMIC_NO_PIC = NO;
				GCC_NO_COMMON_BLOCKS = YES;
				GCC_OPTIMIZATION_LEVEL = 0;
				GCC_PREPROCESSOR_DEFINITIONS = (
					"DEBUG=1",
					"$(inherited)",
				);
				GCC_WARN_64_TO_32_BIT_CONVERSION = YES;
				GCC_WARN_ABOUT_RETURN_TYPE = YES_ERROR;
				GCC_WARN_UNDECLARED_SELECTOR = YES;
				GCC_WARN_UNINITIALIZED_AUTOS = YES_AGGRESSIVE;
				GCC_WARN_UNUSED_FUNCTION = YES;
				GCC_WARN_UNUSED_VARIABLE = YES;
				IPHONEOS_DEPLOYMENT_TARGET = 17.2;
				LOCALIZATION_PREFERS_STRING_CATALOGS = YES;
				MTL_ENABLE_DEBUG_INFO = INCLUDE_SOURCE;
				MTL_FAST_MATH = YES;
				ONLY_ACTIVE_ARCH = YES;
				SDKROOT = iphoneos;
				SWIFT_ACTIVE_COMPILATION_CONDITIONS = "DEBUG $(inherited)";
				SWIFT_OPTIMIZATION_LEVEL = "-Onone";
			};
			name = Debug;
		};
		57192C7A2B88F1BB00294392 /* Release */ = {
			isa = XCBuildConfiguration;
			buildSettings = {
				ALWAYS_SEARCH_USER_PATHS = NO;
				ASSETCATALOG_COMPILER_GENERATE_SWIFT_ASSET_SYMBOL_EXTENSIONS = YES;
				CLANG_ANALYZER_NONNULL = YES;
				CLANG_ANALYZER_NUMBER_OBJECT_CONVERSION = YES_AGGRESSIVE;
				CLANG_CXX_LANGUAGE_STANDARD = "gnu++20";
				CLANG_ENABLE_MODULES = YES;
				CLANG_ENABLE_OBJC_ARC = YES;
				CLANG_ENABLE_OBJC_WEAK = YES;
				CLANG_WARN_BLOCK_CAPTURE_AUTORELEASING = YES;
				CLANG_WARN_BOOL_CONVERSION = YES;
				CLANG_WARN_COMMA = YES;
				CLANG_WARN_CONSTANT_CONVERSION = YES;
				CLANG_WARN_DEPRECATED_OBJC_IMPLEMENTATIONS = YES;
				CLANG_WARN_DIRECT_OBJC_ISA_USAGE = YES_ERROR;
				CLANG_WARN_DOCUMENTATION_COMMENTS = YES;
				CLANG_WARN_EMPTY_BODY = YES;
				CLANG_WARN_ENUM_CONVERSION = YES;
				CLANG_WARN_INFINITE_RECURSION = YES;
				CLANG_WARN_INT_CONVERSION = YES;
				CLANG_WARN_NON_LITERAL_NULL_CONVERSION = YES;
				CLANG_WARN_OBJC_IMPLICIT_RETAIN_SELF = YES;
				CLANG_WARN_OBJC_LITERAL_CONVERSION = YES;
				CLANG_WARN_OBJC_ROOT_CLASS = YES_ERROR;
				CLANG_WARN_QUOTED_INCLUDE_IN_FRAMEWORK_HEADER = YES;
				CLANG_WARN_RANGE_LOOP_ANALYSIS = YES;
				CLANG_WARN_STRICT_PROTOTYPES = YES;
				CLANG_WARN_SUSPICIOUS_MOVE = YES;
				CLANG_WARN_UNGUARDED_AVAILABILITY = YES_AGGRESSIVE;
				CLANG_WARN_UNREACHABLE_CODE = YES;
				CLANG_WARN__DUPLICATE_METHOD_MATCH = YES;
				COPY_PHASE_STRIP = NO;
				DEBUG_INFORMATION_FORMAT = "dwarf-with-dsym";
				ENABLE_NS_ASSERTIONS = NO;
				ENABLE_STRICT_OBJC_MSGSEND = YES;
				ENABLE_USER_SCRIPT_SANDBOXING = YES;
				GCC_C_LANGUAGE_STANDARD = gnu17;
				GCC_NO_COMMON_BLOCKS = YES;
				GCC_WARN_64_TO_32_BIT_CONVERSION = YES;
				GCC_WARN_ABOUT_RETURN_TYPE = YES_ERROR;
				GCC_WARN_UNDECLARED_SELECTOR = YES;
				GCC_WARN_UNINITIALIZED_AUTOS = YES_AGGRESSIVE;
				GCC_WARN_UNUSED_FUNCTION = YES;
				GCC_WARN_UNUSED_VARIABLE = YES;
				IPHONEOS_DEPLOYMENT_TARGET = 17.2;
				LOCALIZATION_PREFERS_STRING_CATALOGS = YES;
				MTL_ENABLE_DEBUG_INFO = NO;
				MTL_FAST_MATH = YES;
				SDKROOT = iphoneos;
				SWIFT_COMPILATION_MODE = wholemodule;
				VALIDATE_PRODUCT = YES;
			};
			name = Release;
		};
		57192C7C2B88F1BB00294392 /* Debug */ = {
			isa = XCBuildConfiguration;
			buildSettings = {
				ASSETCATALOG_COMPILER_APPICON_NAME = AppIcon;
				ASSETCATALOG_COMPILER_GLOBAL_ACCENT_COLOR_NAME = AccentColor;
				CODE_SIGN_STYLE = Automatic;
				CURRENT_PROJECT_VERSION = 1;
				DEVELOPMENT_ASSET_PATHS = "\"Coding Challenge 1/Preview Content\"";
				DEVELOPMENT_TEAM = G7HRH2B3C7;
				ENABLE_PREVIEWS = YES;
				GENERATE_INFOPLIST_FILE = YES;
				INFOPLIST_KEY_UIApplicationSceneManifest_Generation = YES;
				INFOPLIST_KEY_UIApplicationSupportsIndirectInputEvents = YES;
				INFOPLIST_KEY_UILaunchScreen_Generation = YES;
				INFOPLIST_KEY_UISupportedInterfaceOrientations_iPad = "UIInterfaceOrientationPortrait UIInterfaceOrientationPortraitUpsideDown UIInterfaceOrientationLandscapeLeft UIInterfaceOrientationLandscapeRight";
				INFOPLIST_KEY_UISupportedInterfaceOrientations_iPhone = "UIInterfaceOrientationPortrait UIInterfaceOrientationLandscapeLeft UIInterfaceOrientationLandscapeRight";
				LD_RUNPATH_SEARCH_PATHS = (
					"$(inherited)",
					"@executable_path/Frameworks",
				);
				MARKETING_VERSION = 1.0;
				PRODUCT_BUNDLE_IDENTIFIER = "dev.xbow.Coding-Challenge-1";
				PRODUCT_NAME = "$(TARGET_NAME)";
				SWIFT_EMIT_LOC_STRINGS = YES;
				SWIFT_VERSION = 5.0;
				TARGETED_DEVICE_FAMILY = "1,2";
			};
			name = Debug;
		};
		57192C7D2B88F1BB00294392 /* Release */ = {
			isa = XCBuildConfiguration;
			buildSettings = {
				ASSETCATALOG_COMPILER_APPICON_NAME = AppIcon;
				ASSETCATALOG_COMPILER_GLOBAL_ACCENT_COLOR_NAME = AccentColor;
				CODE_SIGN_STYLE = Automatic;
				CURRENT_PROJECT_VERSION = 1;
				DEVELOPMENT_ASSET_PATHS = "\"Coding Challenge 1/Preview Content\"";
				DEVELOPMENT_TEAM = G7HRH2B3C7;
				ENABLE_PREVIEWS = YES;
				GENERATE_INFOPLIST_FILE = YES;
				INFOPLIST_KEY_UIApplicationSceneManifest_Generation = YES;
				INFOPLIST_KEY_UIApplicationSupportsIndirectInputEvents = YES;
				INFOPLIST_KEY_UILaunchScreen_Generation = YES;
				INFOPLIST_KEY_UISupportedInterfaceOrientations_iPad = "UIInterfaceOrientationPortrait UIInterfaceOrientationPortraitUpsideDown UIInterfaceOrientationLandscapeLeft UIInterfaceOrientationLandscapeRight";
				INFOPLIST_KEY_UISupportedInterfaceOrientations_iPhone = "UIInterfaceOrientationPortrait UIInterfaceOrientationLandscapeLeft UIInterfaceOrientationLandscapeRight";
				LD_RUNPATH_SEARCH_PATHS = (
					"$(inherited)",
					"@executable_path/Frameworks",
				);
				MARKETING_VERSION = 1.0;
				PRODUCT_BUNDLE_IDENTIFIER = "dev.xbow.Coding-Challenge-1";
				PRODUCT_NAME = "$(TARGET_NAME)";
				SWIFT_EMIT_LOC_STRINGS = YES;
				SWIFT_VERSION = 5.0;
				TARGETED_DEVICE_FAMILY = "1,2";
			};
			name = Release;
		};
/* End XCBuildConfiguration section */

/* Begin XCConfigurationList section */
		57192C682B88F1B900294392 /* Build configuration list for PBXProject "Coding Challenge 1" */ = {
			isa = XCConfigurationList;
			buildConfigurations = (
				57192C792B88F1BB00294392 /* Debug */,
				57192C7A2B88F1BB00294392 /* Release */,
			);
			defaultConfigurationIsVisible = 0;
			defaultConfigurationName = Release;
		};
		57192C7B2B88F1BB00294392 /* Build configuration list for PBXNativeTarget "Coding Challenge 1" */ = {
			isa = XCConfigurationList;
			buildConfigurations = (
				57192C7C2B88F1BB00294392 /* Debug */,
				57192C7D2B88F1BB00294392 /* Release */,
			);
			defaultConfigurationIsVisible = 0;
			defaultConfigurationName = Release;
		};
/* End XCConfigurationList section */
	};
	rootObject = 57192C652B88F1B900294392 /* Project object */;
}
